// !$*UTF8*$!
{
	archiveVersion = 1;
	classes = {
	};
	objectVersion = 46;
	objects = {

/* Begin PBXBuildFile section */
		17053CFE1D96E7D50098AFD0 /* EffectData.swift in Sources */ = {isa = PBXBuildFile; fileRef = 17053CFD1D96E7D50098AFD0 /* EffectData.swift */; };
		17053CFF1D96E7D50098AFD0 /* EffectData.swift in Sources */ = {isa = PBXBuildFile; fileRef = 17053CFD1D96E7D50098AFD0 /* EffectData.swift */; };
		17053D071D96EC610098AFD0 /* AudioRandomizerTests.swift in Sources */ = {isa = PBXBuildFile; fileRef = 17053D061D96EC610098AFD0 /* AudioRandomizerTests.swift */; };
		17053D0E1D96F4960098AFD0 /* EffectData.swift in Sources */ = {isa = PBXBuildFile; fileRef = 17053CFD1D96E7D50098AFD0 /* EffectData.swift */; };
		172FAC5D1D94426500B49594 /* PresetModel.swift in Sources */ = {isa = PBXBuildFile; fileRef = 172FAC5C1D94426500B49594 /* PresetModel.swift */; };
		172FAC5E1D94426500B49594 /* PresetModel.swift in Sources */ = {isa = PBXBuildFile; fileRef = 172FAC5C1D94426500B49594 /* PresetModel.swift */; };
		173424911D930A6D00B168CC /* AudioUnitViewController.swift in Sources */ = {isa = PBXBuildFile; fileRef = 173424901D930A6D00B168CC /* AudioUnitViewController.swift */; };
		173424941D930A6D00B168CC /* AudioUnitViewController.xib in Resources */ = {isa = PBXBuildFile; fileRef = 173424921D930A6D00B168CC /* AudioUnitViewController.xib */; };
		1734249A1D930A9000B168CC /* RandomizerAudioUnit.swift in Sources */ = {isa = PBXBuildFile; fileRef = 174043101D92759600236452 /* RandomizerAudioUnit.swift */; };
		1734249C1D930D9400B168CC /* AudioParameter.swift in Sources */ = {isa = PBXBuildFile; fileRef = 1734249B1D930D9400B168CC /* AudioParameter.swift */; };
		1734249D1D930D9400B168CC /* AudioParameter.swift in Sources */ = {isa = PBXBuildFile; fileRef = 1734249B1D930D9400B168CC /* AudioParameter.swift */; };
		174042E81D9265D100236452 /* AppDelegate.swift in Sources */ = {isa = PBXBuildFile; fileRef = 174042E71D9265D100236452 /* AppDelegate.swift */; };
		174042EA1D9265D100236452 /* ViewController.swift in Sources */ = {isa = PBXBuildFile; fileRef = 174042E91D9265D100236452 /* ViewController.swift */; };
		174042ED1D9265D100236452 /* Main.storyboard in Resources */ = {isa = PBXBuildFile; fileRef = 174042EB1D9265D100236452 /* Main.storyboard */; };
		174042EF1D9265D100236452 /* Assets.xcassets in Resources */ = {isa = PBXBuildFile; fileRef = 174042EE1D9265D100236452 /* Assets.xcassets */; };
		174042F21D9265D100236452 /* LaunchScreen.storyboard in Resources */ = {isa = PBXBuildFile; fileRef = 174042F01D9265D100236452 /* LaunchScreen.storyboard */; };
		174043031D92729400236452 /* AudioUnitViewController.swift in Sources */ = {isa = PBXBuildFile; fileRef = 174043021D92729400236452 /* AudioUnitViewController.swift */; };
		174043061D92729400236452 /* MainInterface.storyboard in Resources */ = {isa = PBXBuildFile; fileRef = 174043041D92729400236452 /* MainInterface.storyboard */; };
		1740430B1D92729400236452 /* AudioRandomizerExtension.appex in Embed App Extensions */ = {isa = PBXBuildFile; fileRef = 174042FD1D92729400236452 /* AudioRandomizerExtension.appex */; settings = {ATTRIBUTES = (RemoveHeadersOnCopy, ); }; };
		174043111D92759600236452 /* RandomizerAudioUnit.swift in Sources */ = {isa = PBXBuildFile; fileRef = 174043101D92759600236452 /* RandomizerAudioUnit.swift */; };
		174043171D92766E00236452 /* AVFoundation.framework in Frameworks */ = {isa = PBXBuildFile; fileRef = 174043161D92766E00236452 /* AVFoundation.framework */; };
		178B3C3A1D93C1EC0066B880 /* RandomizerCore.swift in Sources */ = {isa = PBXBuildFile; fileRef = 178B3C391D93C1EC0066B880 /* RandomizerCore.swift */; };
		178B3C3B1D93C1EC0066B880 /* RandomizerCore.swift in Sources */ = {isa = PBXBuildFile; fileRef = 178B3C391D93C1EC0066B880 /* RandomizerCore.swift */; };
/* End PBXBuildFile section */

/* Begin PBXContainerItemProxy section */
		17053D091D96EC610098AFD0 /* PBXContainerItemProxy */ = {
			isa = PBXContainerItemProxy;
			containerPortal = 174042DC1D9265D100236452 /* Project object */;
			proxyType = 1;
			remoteGlobalIDString = 174042E31D9265D100236452;
			remoteInfo = AudioRandomizer;
		};
		174043091D92729400236452 /* PBXContainerItemProxy */ = {
			isa = PBXContainerItemProxy;
			containerPortal = 174042DC1D9265D100236452 /* Project object */;
			proxyType = 1;
			remoteGlobalIDString = 174042FC1D92729400236452;
			remoteInfo = AudioRandomizerExtension;
		};
/* End PBXContainerItemProxy section */

/* Begin PBXCopyFilesBuildPhase section */
		1740430F1D92729400236452 /* Embed App Extensions */ = {
			isa = PBXCopyFilesBuildPhase;
			buildActionMask = 2147483647;
			dstPath = "";
			dstSubfolderSpec = 13;
			files = (
				1740430B1D92729400236452 /* AudioRandomizerExtension.appex in Embed App Extensions */,
			);
			name = "Embed App Extensions";
			runOnlyForDeploymentPostprocessing = 0;
		};
/* End PBXCopyFilesBuildPhase section */

/* Begin PBXFileReference section */
		17053CFD1D96E7D50098AFD0 /* EffectData.swift */ = {isa = PBXFileReference; fileEncoding = 4; lastKnownFileType = sourcecode.swift; path = EffectData.swift; sourceTree = "<group>"; };
		17053D041D96EC610098AFD0 /* AudioRandomizerTests.xctest */ = {isa = PBXFileReference; explicitFileType = wrapper.cfbundle; includeInIndex = 0; path = AudioRandomizerTests.xctest; sourceTree = BUILT_PRODUCTS_DIR; };
		17053D061D96EC610098AFD0 /* AudioRandomizerTests.swift */ = {isa = PBXFileReference; lastKnownFileType = sourcecode.swift; path = AudioRandomizerTests.swift; sourceTree = "<group>"; };
		17053D081D96EC610098AFD0 /* Info.plist */ = {isa = PBXFileReference; lastKnownFileType = text.plist.xml; path = Info.plist; sourceTree = "<group>"; };
		172FAC5C1D94426500B49594 /* PresetModel.swift */ = {isa = PBXFileReference; fileEncoding = 4; lastKnownFileType = sourcecode.swift; path = PresetModel.swift; sourceTree = "<group>"; };
		173424891D930A6D00B168CC /* AudioRandomizerExtensionMac.appex */ = {isa = PBXFileReference; explicitFileType = "wrapper.app-extension"; includeInIndex = 0; path = AudioRandomizerExtensionMac.appex; sourceTree = BUILT_PRODUCTS_DIR; };
		1734248F1D930A6D00B168CC /* AudioRandomizerExtensionMac.entitlements */ = {isa = PBXFileReference; lastKnownFileType = text.plist.entitlements; path = AudioRandomizerExtensionMac.entitlements; sourceTree = "<group>"; };
		173424901D930A6D00B168CC /* AudioUnitViewController.swift */ = {isa = PBXFileReference; lastKnownFileType = sourcecode.swift; path = AudioUnitViewController.swift; sourceTree = "<group>"; };
		173424931D930A6D00B168CC /* Base */ = {isa = PBXFileReference; lastKnownFileType = file.xib; name = Base; path = Base.lproj/AudioUnitViewController.xib; sourceTree = "<group>"; };
		173424951D930A6D00B168CC /* Info.plist */ = {isa = PBXFileReference; lastKnownFileType = text.plist.xml; path = Info.plist; sourceTree = "<group>"; };
		173424961D930A6D00B168CC /* AudioRandomizerExtensionMac-Bridging-Header.h */ = {isa = PBXFileReference; lastKnownFileType = sourcecode.c.h; path = "AudioRandomizerExtensionMac-Bridging-Header.h"; sourceTree = "<group>"; };
		1734249B1D930D9400B168CC /* AudioParameter.swift */ = {isa = PBXFileReference; fileEncoding = 4; lastKnownFileType = sourcecode.swift; path = AudioParameter.swift; sourceTree = "<group>"; };
		174042E41D9265D100236452 /* AudioRandomizer.app */ = {isa = PBXFileReference; explicitFileType = wrapper.application; includeInIndex = 0; path = AudioRandomizer.app; sourceTree = BUILT_PRODUCTS_DIR; };
		174042E71D9265D100236452 /* AppDelegate.swift */ = {isa = PBXFileReference; lastKnownFileType = sourcecode.swift; path = AppDelegate.swift; sourceTree = "<group>"; };
		174042E91D9265D100236452 /* ViewController.swift */ = {isa = PBXFileReference; lastKnownFileType = sourcecode.swift; path = ViewController.swift; sourceTree = "<group>"; };
		174042EC1D9265D100236452 /* Base */ = {isa = PBXFileReference; lastKnownFileType = file.storyboard; name = Base; path = Base.lproj/Main.storyboard; sourceTree = "<group>"; };
		174042EE1D9265D100236452 /* Assets.xcassets */ = {isa = PBXFileReference; lastKnownFileType = folder.assetcatalog; path = Assets.xcassets; sourceTree = "<group>"; };
		174042F11D9265D100236452 /* Base */ = {isa = PBXFileReference; lastKnownFileType = file.storyboard; name = Base; path = Base.lproj/LaunchScreen.storyboard; sourceTree = "<group>"; };
		174042F31D9265D100236452 /* Info.plist */ = {isa = PBXFileReference; lastKnownFileType = text.plist.xml; path = Info.plist; sourceTree = "<group>"; };
		174042FD1D92729400236452 /* AudioRandomizerExtension.appex */ = {isa = PBXFileReference; explicitFileType = "wrapper.app-extension"; includeInIndex = 0; path = AudioRandomizerExtension.appex; sourceTree = BUILT_PRODUCTS_DIR; };
		174043021D92729400236452 /* AudioUnitViewController.swift */ = {isa = PBXFileReference; lastKnownFileType = sourcecode.swift; path = AudioUnitViewController.swift; sourceTree = "<group>"; };
		174043051D92729400236452 /* Base */ = {isa = PBXFileReference; lastKnownFileType = file.storyboard; name = Base; path = Base.lproj/MainInterface.storyboard; sourceTree = "<group>"; };
		174043071D92729400236452 /* Info.plist */ = {isa = PBXFileReference; lastKnownFileType = text.plist.xml; path = Info.plist; sourceTree = "<group>"; };
		174043101D92759600236452 /* RandomizerAudioUnit.swift */ = {isa = PBXFileReference; fileEncoding = 4; lastKnownFileType = sourcecode.swift; path = RandomizerAudioUnit.swift; sourceTree = "<group>"; };
		174043141D92764200236452 /* AudioUnit.framework */ = {isa = PBXFileReference; lastKnownFileType = wrapper.framework; name = AudioUnit.framework; path = System/Library/Frameworks/AudioUnit.framework; sourceTree = SDKROOT; };
		174043161D92766E00236452 /* AVFoundation.framework */ = {isa = PBXFileReference; lastKnownFileType = wrapper.framework; name = AVFoundation.framework; path = System/Library/Frameworks/AVFoundation.framework; sourceTree = SDKROOT; };
		178B3C391D93C1EC0066B880 /* RandomizerCore.swift */ = {isa = PBXFileReference; fileEncoding = 4; lastKnownFileType = sourcecode.swift; path = RandomizerCore.swift; sourceTree = "<group>"; };
/* End PBXFileReference section */

/* Begin PBXFrameworksBuildPhase section */
		17053D011D96EC610098AFD0 /* Frameworks */ = {
			isa = PBXFrameworksBuildPhase;
			buildActionMask = 2147483647;
			files = (
			);
			runOnlyForDeploymentPostprocessing = 0;
		};
		173424861D930A6D00B168CC /* Frameworks */ = {
			isa = PBXFrameworksBuildPhase;
			buildActionMask = 2147483647;
			files = (
			);
			runOnlyForDeploymentPostprocessing = 0;
		};
		174042E11D9265D100236452 /* Frameworks */ = {
			isa = PBXFrameworksBuildPhase;
			buildActionMask = 2147483647;
			files = (
			);
			runOnlyForDeploymentPostprocessing = 0;
		};
		174042FA1D92729400236452 /* Frameworks */ = {
			isa = PBXFrameworksBuildPhase;
			buildActionMask = 2147483647;
			files = (
				174043171D92766E00236452 /* AVFoundation.framework in Frameworks */,
			);
			runOnlyForDeploymentPostprocessing = 0;
		};
/* End PBXFrameworksBuildPhase section */

/* Begin PBXGroup section */
		17053D051D96EC610098AFD0 /* AudioRandomizerTests */ = {
			isa = PBXGroup;
			children = (
				17053D061D96EC610098AFD0 /* AudioRandomizerTests.swift */,
				17053D081D96EC610098AFD0 /* Info.plist */,
			);
			path = AudioRandomizerTests;
			sourceTree = "<group>";
		};
		1734248A1D930A6D00B168CC /* AudioRandomizerExtensionMac */ = {
			isa = PBXGroup;
			children = (
				173424901D930A6D00B168CC /* AudioUnitViewController.swift */,
				173424921D930A6D00B168CC /* AudioUnitViewController.xib */,
				173424951D930A6D00B168CC /* Info.plist */,
				173424961D930A6D00B168CC /* AudioRandomizerExtensionMac-Bridging-Header.h */,
				1734248E1D930A6D00B168CC /* Supporting Files */,
			);
			path = AudioRandomizerExtensionMac;
			sourceTree = "<group>";
		};
		1734248E1D930A6D00B168CC /* Supporting Files */ = {
			isa = PBXGroup;
			children = (
				1734248F1D930A6D00B168CC /* AudioRandomizerExtensionMac.entitlements */,
			);
			name = "Supporting Files";
			sourceTree = "<group>";
		};
		174042DB1D9265D100236452 = {
			isa = PBXGroup;
			children = (
				174042E61D9265D100236452 /* AudioRandomizer */,
				174042FE1D92729400236452 /* AudioRandomizerExtension */,
				1734248A1D930A6D00B168CC /* AudioRandomizerExtensionMac */,
				17053D051D96EC610098AFD0 /* AudioRandomizerTests */,
				174042E51D9265D100236452 /* Products */,
				174043131D92764200236452 /* Frameworks */,
			);
			sourceTree = "<group>";
		};
		174042E51D9265D100236452 /* Products */ = {
			isa = PBXGroup;
			children = (
				174042E41D9265D100236452 /* AudioRandomizer.app */,
				174042FD1D92729400236452 /* AudioRandomizerExtension.appex */,
				173424891D930A6D00B168CC /* AudioRandomizerExtensionMac.appex */,
				17053D041D96EC610098AFD0 /* AudioRandomizerTests.xctest */,
			);
			name = Products;
			sourceTree = "<group>";
		};
		174042E61D9265D100236452 /* AudioRandomizer */ = {
			isa = PBXGroup;
			children = (
				174042E71D9265D100236452 /* AppDelegate.swift */,
				174042E91D9265D100236452 /* ViewController.swift */,
				174042EB1D9265D100236452 /* Main.storyboard */,
				174042EE1D9265D100236452 /* Assets.xcassets */,
				174042F01D9265D100236452 /* LaunchScreen.storyboard */,
				174042F31D9265D100236452 /* Info.plist */,
			);
			path = AudioRandomizer;
			sourceTree = "<group>";
		};
		174042FE1D92729400236452 /* AudioRandomizerExtension */ = {
			isa = PBXGroup;
			children = (
				174043021D92729400236452 /* AudioUnitViewController.swift */,
				174043041D92729400236452 /* MainInterface.storyboard */,
				174043071D92729400236452 /* Info.plist */,
				174043101D92759600236452 /* RandomizerAudioUnit.swift */,
				1734249B1D930D9400B168CC /* AudioParameter.swift */,
				178B3C391D93C1EC0066B880 /* RandomizerCore.swift */,
				172FAC5C1D94426500B49594 /* PresetModel.swift */,
				17053CFD1D96E7D50098AFD0 /* EffectData.swift */,
			);
			path = AudioRandomizerExtension;
			sourceTree = "<group>";
		};
		174043131D92764200236452 /* Frameworks */ = {
			isa = PBXGroup;
			children = (
				174043161D92766E00236452 /* AVFoundation.framework */,
				174043141D92764200236452 /* AudioUnit.framework */,
			);
			name = Frameworks;
			sourceTree = "<group>";
		};
/* End PBXGroup section */

/* Begin PBXNativeTarget section */
		17053D031D96EC610098AFD0 /* AudioRandomizerTests */ = {
			isa = PBXNativeTarget;
			buildConfigurationList = 17053D0B1D96EC610098AFD0 /* Build configuration list for PBXNativeTarget "AudioRandomizerTests" */;
			buildPhases = (
				17053D001D96EC610098AFD0 /* Sources */,
				17053D011D96EC610098AFD0 /* Frameworks */,
				17053D021D96EC610098AFD0 /* Resources */,
			);
			buildRules = (
			);
			dependencies = (
				17053D0A1D96EC610098AFD0 /* PBXTargetDependency */,
			);
			name = AudioRandomizerTests;
			productName = AudioRandomizerTests;
			productReference = 17053D041D96EC610098AFD0 /* AudioRandomizerTests.xctest */;
			productType = "com.apple.product-type.bundle.unit-test";
		};
		173424881D930A6D00B168CC /* AudioRandomizerExtensionMac */ = {
			isa = PBXNativeTarget;
			buildConfigurationList = 173424991D930A6D00B168CC /* Build configuration list for PBXNativeTarget "AudioRandomizerExtensionMac" */;
			buildPhases = (
				173424851D930A6D00B168CC /* Sources */,
				173424861D930A6D00B168CC /* Frameworks */,
				173424871D930A6D00B168CC /* Resources */,
			);
			buildRules = (
			);
			dependencies = (
			);
			name = AudioRandomizerExtensionMac;
			productName = AudioRandomizerExtensionMac;
			productReference = 173424891D930A6D00B168CC /* AudioRandomizerExtensionMac.appex */;
			productType = "com.apple.product-type.app-extension";
		};
		174042E31D9265D100236452 /* AudioRandomizer */ = {
			isa = PBXNativeTarget;
			buildConfigurationList = 174042F61D9265D100236452 /* Build configuration list for PBXNativeTarget "AudioRandomizer" */;
			buildPhases = (
				174042E01D9265D100236452 /* Sources */,
				174042E11D9265D100236452 /* Frameworks */,
				174042E21D9265D100236452 /* Resources */,
				1740430F1D92729400236452 /* Embed App Extensions */,
			);
			buildRules = (
			);
			dependencies = (
				1740430A1D92729400236452 /* PBXTargetDependency */,
			);
			name = AudioRandomizer;
			productName = AudioRandomizer;
			productReference = 174042E41D9265D100236452 /* AudioRandomizer.app */;
			productType = "com.apple.product-type.application";
		};
		174042FC1D92729400236452 /* AudioRandomizerExtension */ = {
			isa = PBXNativeTarget;
			buildConfigurationList = 1740430C1D92729400236452 /* Build configuration list for PBXNativeTarget "AudioRandomizerExtension" */;
			buildPhases = (
				174042F91D92729400236452 /* Sources */,
				174042FA1D92729400236452 /* Frameworks */,
				174042FB1D92729400236452 /* Resources */,
			);
			buildRules = (
			);
			dependencies = (
			);
			name = AudioRandomizerExtension;
			productName = AudioRandomizerExtension;
			productReference = 174042FD1D92729400236452 /* AudioRandomizerExtension.appex */;
			productType = "com.apple.product-type.app-extension";
		};
/* End PBXNativeTarget section */

/* Begin PBXProject section */
		174042DC1D9265D100236452 /* Project object */ = {
			isa = PBXProject;
			attributes = {
				LastSwiftUpdateCheck = 0800;
				LastUpgradeCheck = 0800;
				ORGANIZATIONNAME = leroy;
				TargetAttributes = {
					17053D031D96EC610098AFD0 = {
						CreatedOnToolsVersion = 8.0;
						DevelopmentTeam = A24MFYL5LE;
						ProvisioningStyle = Automatic;
						TestTargetID = 174042E31D9265D100236452;
					};
					173424881D930A6D00B168CC = {
						CreatedOnToolsVersion = 8.0;
						DevelopmentTeam = A24MFYL5LE;
						ProvisioningStyle = Automatic;
					};
					174042E31D9265D100236452 = {
						CreatedOnToolsVersion = 8.0;
						DevelopmentTeam = A24MFYL5LE;
						ProvisioningStyle = Automatic;
					};
					174042FC1D92729400236452 = {
						CreatedOnToolsVersion = 8.0;
						DevelopmentTeam = A24MFYL5LE;
						ProvisioningStyle = Automatic;
					};
				};
			};
			buildConfigurationList = 174042DF1D9265D100236452 /* Build configuration list for PBXProject "AudioRandomizer" */;
			compatibilityVersion = "Xcode 3.2";
			developmentRegion = English;
			hasScannedForEncodings = 0;
			knownRegions = (
				en,
				Base,
			);
			mainGroup = 174042DB1D9265D100236452;
			productRefGroup = 174042E51D9265D100236452 /* Products */;
			projectDirPath = "";
			projectRoot = "";
			targets = (
				174042E31D9265D100236452 /* AudioRandomizer */,
				174042FC1D92729400236452 /* AudioRandomizerExtension */,
				173424881D930A6D00B168CC /* AudioRandomizerExtensionMac */,
				17053D031D96EC610098AFD0 /* AudioRandomizerTests */,
			);
		};
/* End PBXProject section */

/* Begin PBXResourcesBuildPhase section */
		17053D021D96EC610098AFD0 /* Resources */ = {
			isa = PBXResourcesBuildPhase;
			buildActionMask = 2147483647;
			files = (
			);
			runOnlyForDeploymentPostprocessing = 0;
		};
		173424871D930A6D00B168CC /* Resources */ = {
			isa = PBXResourcesBuildPhase;
			buildActionMask = 2147483647;
			files = (
				173424941D930A6D00B168CC /* AudioUnitViewController.xib in Resources */,
			);
			runOnlyForDeploymentPostprocessing = 0;
		};
		174042E21D9265D100236452 /* Resources */ = {
			isa = PBXResourcesBuildPhase;
			buildActionMask = 2147483647;
			files = (
				174042F21D9265D100236452 /* LaunchScreen.storyboard in Resources */,
				174042EF1D9265D100236452 /* Assets.xcassets in Resources */,
				174042ED1D9265D100236452 /* Main.storyboard in Resources */,
			);
			runOnlyForDeploymentPostprocessing = 0;
		};
		174042FB1D92729400236452 /* Resources */ = {
			isa = PBXResourcesBuildPhase;
			buildActionMask = 2147483647;
			files = (
				174043061D92729400236452 /* MainInterface.storyboard in Resources */,
			);
			runOnlyForDeploymentPostprocessing = 0;
		};
/* End PBXResourcesBuildPhase section */

/* Begin PBXSourcesBuildPhase section */
		17053D001D96EC610098AFD0 /* Sources */ = {
			isa = PBXSourcesBuildPhase;
			buildActionMask = 2147483647;
			files = (
				17053D0E1D96F4960098AFD0 /* EffectData.swift in Sources */,
				17053D071D96EC610098AFD0 /* AudioRandomizerTests.swift in Sources */,
			);
			runOnlyForDeploymentPostprocessing = 0;
		};
		173424851D930A6D00B168CC /* Sources */ = {
			isa = PBXSourcesBuildPhase;
			buildActionMask = 2147483647;
			files = (
				17053CFF1D96E7D50098AFD0 /* EffectData.swift in Sources */,
				172FAC5E1D94426500B49594 /* PresetModel.swift in Sources */,
				173424911D930A6D00B168CC /* AudioUnitViewController.swift in Sources */,
				178B3C3B1D93C1EC0066B880 /* RandomizerCore.swift in Sources */,
				1734249D1D930D9400B168CC /* AudioParameter.swift in Sources */,
				1734249A1D930A9000B168CC /* RandomizerAudioUnit.swift in Sources */,
			);
			runOnlyForDeploymentPostprocessing = 0;
		};
		174042E01D9265D100236452 /* Sources */ = {
			isa = PBXSourcesBuildPhase;
			buildActionMask = 2147483647;
			files = (
				174042EA1D9265D100236452 /* ViewController.swift in Sources */,
				174042E81D9265D100236452 /* AppDelegate.swift in Sources */,
			);
			runOnlyForDeploymentPostprocessing = 0;
		};
		174042F91D92729400236452 /* Sources */ = {
			isa = PBXSourcesBuildPhase;
			buildActionMask = 2147483647;
			files = (
				172FAC5D1D94426500B49594 /* PresetModel.swift in Sources */,
				17053CFE1D96E7D50098AFD0 /* EffectData.swift in Sources */,
				174043031D92729400236452 /* AudioUnitViewController.swift in Sources */,
				178B3C3A1D93C1EC0066B880 /* RandomizerCore.swift in Sources */,
				1734249C1D930D9400B168CC /* AudioParameter.swift in Sources */,
				174043111D92759600236452 /* RandomizerAudioUnit.swift in Sources */,
			);
			runOnlyForDeploymentPostprocessing = 0;
		};
/* End PBXSourcesBuildPhase section */

/* Begin PBXTargetDependency section */
		17053D0A1D96EC610098AFD0 /* PBXTargetDependency */ = {
			isa = PBXTargetDependency;
			target = 174042E31D9265D100236452 /* AudioRandomizer */;
			targetProxy = 17053D091D96EC610098AFD0 /* PBXContainerItemProxy */;
		};
		1740430A1D92729400236452 /* PBXTargetDependency */ = {
			isa = PBXTargetDependency;
			target = 174042FC1D92729400236452 /* AudioRandomizerExtension */;
			targetProxy = 174043091D92729400236452 /* PBXContainerItemProxy */;
		};
/* End PBXTargetDependency section */

/* Begin PBXVariantGroup section */
		173424921D930A6D00B168CC /* AudioUnitViewController.xib */ = {
			isa = PBXVariantGroup;
			children = (
				173424931D930A6D00B168CC /* Base */,
			);
			name = AudioUnitViewController.xib;
			sourceTree = "<group>";
		};
		174042EB1D9265D100236452 /* Main.storyboard */ = {
			isa = PBXVariantGroup;
			children = (
				174042EC1D9265D100236452 /* Base */,
			);
			name = Main.storyboard;
			sourceTree = "<group>";
		};
		174042F01D9265D100236452 /* LaunchScreen.storyboard */ = {
			isa = PBXVariantGroup;
			children = (
				174042F11D9265D100236452 /* Base */,
			);
			name = LaunchScreen.storyboard;
			sourceTree = "<group>";
		};
		174043041D92729400236452 /* MainInterface.storyboard */ = {
			isa = PBXVariantGroup;
			children = (
				174043051D92729400236452 /* Base */,
			);
			name = MainInterface.storyboard;
			sourceTree = "<group>";
		};
/* End PBXVariantGroup section */

/* Begin XCBuildConfiguration section */
		17053D0C1D96EC610098AFD0 /* Debug */ = {
			isa = XCBuildConfiguration;
			buildSettings = {
				BUNDLE_LOADER = "$(TEST_HOST)";
				DEVELOPMENT_TEAM = A24MFYL5LE;
				INFOPLIST_FILE = AudioRandomizerTests/Info.plist;
				LD_RUNPATH_SEARCH_PATHS = "$(inherited) @executable_path/Frameworks @loader_path/Frameworks";
				PRODUCT_BUNDLE_IDENTIFIER = com.liweiyang.AudioRandomizerTests;
				PRODUCT_NAME = "$(TARGET_NAME)";
				SWIFT_VERSION = 3.0;
				TEST_HOST = "$(BUILT_PRODUCTS_DIR)/AudioRandomizer.app/AudioRandomizer";
			};
			name = Debug;
		};
		17053D0D1D96EC610098AFD0 /* Release */ = {
			isa = XCBuildConfiguration;
			buildSettings = {
				BUNDLE_LOADER = "$(TEST_HOST)";
				DEVELOPMENT_TEAM = A24MFYL5LE;
				INFOPLIST_FILE = AudioRandomizerTests/Info.plist;
				LD_RUNPATH_SEARCH_PATHS = "$(inherited) @executable_path/Frameworks @loader_path/Frameworks";
				PRODUCT_BUNDLE_IDENTIFIER = com.liweiyang.AudioRandomizerTests;
				PRODUCT_NAME = "$(TARGET_NAME)";
				SWIFT_VERSION = 3.0;
				TEST_HOST = "$(BUILT_PRODUCTS_DIR)/AudioRandomizer.app/AudioRandomizer";
			};
			name = Release;
		};
		173424971D930A6D00B168CC /* Debug */ = {
			isa = XCBuildConfiguration;
			buildSettings = {
				CODE_SIGN_ENTITLEMENTS = AudioRandomizerExtensionMac/AudioRandomizerExtensionMac.entitlements;
				CODE_SIGN_IDENTITY = "-";
				DEVELOPMENT_TEAM = A24MFYL5LE;
				INFOPLIST_FILE = AudioRandomizerExtensionMac/Info.plist;
				LD_RUNPATH_SEARCH_PATHS = "$(inherited) @executable_path/../Frameworks @executable_path/../../../../Frameworks";
				MACOSX_DEPLOYMENT_TARGET = 10.11;
				PRODUCT_BUNDLE_IDENTIFIER = com.liweiyang.AudioRandomizerExtensionMac;
				PRODUCT_NAME = "$(TARGET_NAME)";
				SDKROOT = macosx;
				SKIP_INSTALL = YES;
				SWIFT_OBJC_BRIDGING_HEADER = "";
				SWIFT_VERSION = 3.0;
			};
			name = Debug;
		};
		173424981D930A6D00B168CC /* Release */ = {
			isa = XCBuildConfiguration;
			buildSettings = {
				CODE_SIGN_ENTITLEMENTS = AudioRandomizerExtensionMac/AudioRandomizerExtensionMac.entitlements;
				CODE_SIGN_IDENTITY = "-";
				DEVELOPMENT_TEAM = A24MFYL5LE;
				INFOPLIST_FILE = AudioRandomizerExtensionMac/Info.plist;
				LD_RUNPATH_SEARCH_PATHS = "$(inherited) @executable_path/../Frameworks @executable_path/../../../../Frameworks";
				MACOSX_DEPLOYMENT_TARGET = 10.11;
				PRODUCT_BUNDLE_IDENTIFIER = com.liweiyang.AudioRandomizerExtensionMac;
				PRODUCT_NAME = "$(TARGET_NAME)";
				SDKROOT = macosx;
				SKIP_INSTALL = YES;
				SWIFT_OBJC_BRIDGING_HEADER = "";
				SWIFT_VERSION = 3.0;
			};
			name = Release;
		};
		174042F41D9265D100236452 /* Debug */ = {
			isa = XCBuildConfiguration;
			buildSettings = {
				ALWAYS_SEARCH_USER_PATHS = NO;
				CLANG_ANALYZER_NONNULL = YES;
				CLANG_CXX_LANGUAGE_STANDARD = "gnu++0x";
				CLANG_CXX_LIBRARY = "libc++";
				CLANG_ENABLE_MODULES = YES;
				CLANG_ENABLE_OBJC_ARC = YES;
				CLANG_WARN_BOOL_CONVERSION = YES;
				CLANG_WARN_CONSTANT_CONVERSION = YES;
				CLANG_WARN_DIRECT_OBJC_ISA_USAGE = YES_ERROR;
				CLANG_WARN_DOCUMENTATION_COMMENTS = YES;
				CLANG_WARN_EMPTY_BODY = YES;
				CLANG_WARN_ENUM_CONVERSION = YES;
				CLANG_WARN_INFINITE_RECURSION = YES;
				CLANG_WARN_INT_CONVERSION = YES;
				CLANG_WARN_OBJC_ROOT_CLASS = YES_ERROR;
				CLANG_WARN_SUSPICIOUS_MOVES = YES;
				CLANG_WARN_UNREACHABLE_CODE = YES;
				CLANG_WARN__DUPLICATE_METHOD_MATCH = YES;
				"CODE_SIGN_IDENTITY[sdk=iphoneos*]" = "iPhone Developer";
				COPY_PHASE_STRIP = NO;
				DEBUG_INFORMATION_FORMAT = dwarf;
				ENABLE_STRICT_OBJC_MSGSEND = YES;
				ENABLE_TESTABILITY = YES;
				GCC_C_LANGUAGE_STANDARD = gnu99;
				GCC_DYNAMIC_NO_PIC = NO;
				GCC_NO_COMMON_BLOCKS = YES;
				GCC_OPTIMIZATION_LEVEL = 0;
				GCC_PREPROCESSOR_DEFINITIONS = (
					"DEBUG=1",
					"$(inherited)",
				);
				GCC_WARN_64_TO_32_BIT_CONVERSION = YES;
				GCC_WARN_ABOUT_RETURN_TYPE = YES_ERROR;
				GCC_WARN_UNDECLARED_SELECTOR = YES;
				GCC_WARN_UNINITIALIZED_AUTOS = YES_AGGRESSIVE;
				GCC_WARN_UNUSED_FUNCTION = YES;
				GCC_WARN_UNUSED_VARIABLE = YES;
				IPHONEOS_DEPLOYMENT_TARGET = 10.0;
				MTL_ENABLE_DEBUG_INFO = YES;
				ONLY_ACTIVE_ARCH = YES;
				SDKROOT = iphoneos;
				SWIFT_ACTIVE_COMPILATION_CONDITIONS = DEBUG;
				SWIFT_OPTIMIZATION_LEVEL = "-Onone";
				TARGETED_DEVICE_FAMILY = "1,2";
			};
			name = Debug;
		};
		174042F51D9265D100236452 /* Release */ = {
			isa = XCBuildConfiguration;
			buildSettings = {
				ALWAYS_SEARCH_USER_PATHS = NO;
				CLANG_ANALYZER_NONNULL = YES;
				CLANG_CXX_LANGUAGE_STANDARD = "gnu++0x";
				CLANG_CXX_LIBRARY = "libc++";
				CLANG_ENABLE_MODULES = YES;
				CLANG_ENABLE_OBJC_ARC = YES;
				CLANG_WARN_BOOL_CONVERSION = YES;
				CLANG_WARN_CONSTANT_CONVERSION = YES;
				CLANG_WARN_DIRECT_OBJC_ISA_USAGE = YES_ERROR;
				CLANG_WARN_DOCUMENTATION_COMMENTS = YES;
				CLANG_WARN_EMPTY_BODY = YES;
				CLANG_WARN_ENUM_CONVERSION = YES;
				CLANG_WARN_INFINITE_RECURSION = YES;
				CLANG_WARN_INT_CONVERSION = YES;
				CLANG_WARN_OBJC_ROOT_CLASS = YES_ERROR;
				CLANG_WARN_SUSPICIOUS_MOVES = YES;
				CLANG_WARN_UNREACHABLE_CODE = YES;
				CLANG_WARN__DUPLICATE_METHOD_MATCH = YES;
				"CODE_SIGN_IDENTITY[sdk=iphoneos*]" = "iPhone Developer";
				COPY_PHASE_STRIP = NO;
				DEBUG_INFORMATION_FORMAT = "dwarf-with-dsym";
				ENABLE_NS_ASSERTIONS = NO;
				ENABLE_STRICT_OBJC_MSGSEND = YES;
				GCC_C_LANGUAGE_STANDARD = gnu99;
				GCC_NO_COMMON_BLOCKS = YES;
				GCC_WARN_64_TO_32_BIT_CONVERSION = YES;
				GCC_WARN_ABOUT_RETURN_TYPE = YES_ERROR;
				GCC_WARN_UNDECLARED_SELECTOR = YES;
				GCC_WARN_UNINITIALIZED_AUTOS = YES_AGGRESSIVE;
				GCC_WARN_UNUSED_FUNCTION = YES;
				GCC_WARN_UNUSED_VARIABLE = YES;
				IPHONEOS_DEPLOYMENT_TARGET = 10.0;
				MTL_ENABLE_DEBUG_INFO = NO;
				SDKROOT = iphoneos;
				SWIFT_OPTIMIZATION_LEVEL = "-Owholemodule";
				TARGETED_DEVICE_FAMILY = "1,2";
				VALIDATE_PRODUCT = YES;
			};
			name = Release;
		};
		174042F71D9265D100236452 /* Debug */ = {
			isa = XCBuildConfiguration;
			buildSettings = {
				ALWAYS_EMBED_SWIFT_STANDARD_LIBRARIES = YES;
				ASSETCATALOG_COMPILER_APPICON_NAME = AppIcon;
				DEVELOPMENT_TEAM = A24MFYL5LE;
				INFOPLIST_FILE = AudioRandomizer/Info.plist;
				IPHONEOS_DEPLOYMENT_TARGET = 9.2;
				LD_RUNPATH_SEARCH_PATHS = "$(inherited) @executable_path/Frameworks";
				PRODUCT_BUNDLE_IDENTIFIER = com.liweiyang.AudioRandomizer;
				PRODUCT_NAME = "$(TARGET_NAME)";
				SWIFT_VERSION = 3.0;
			};
			name = Debug;
		};
		174042F81D9265D100236452 /* Release */ = {
			isa = XCBuildConfiguration;
			buildSettings = {
				ALWAYS_EMBED_SWIFT_STANDARD_LIBRARIES = YES;
				ASSETCATALOG_COMPILER_APPICON_NAME = AppIcon;
				DEVELOPMENT_TEAM = A24MFYL5LE;
				INFOPLIST_FILE = AudioRandomizer/Info.plist;
				IPHONEOS_DEPLOYMENT_TARGET = 9.2;
				LD_RUNPATH_SEARCH_PATHS = "$(inherited) @executable_path/Frameworks";
				PRODUCT_BUNDLE_IDENTIFIER = com.liweiyang.AudioRandomizer;
				PRODUCT_NAME = "$(TARGET_NAME)";
				SWIFT_VERSION = 3.0;
			};
			name = Release;
		};
		1740430D1D92729400236452 /* Debug */ = {
			isa = XCBuildConfiguration;
			buildSettings = {
				DEVELOPMENT_TEAM = A24MFYL5LE;
				INFOPLIST_FILE = AudioRandomizerExtension/Info.plist;
				IPHONEOS_DEPLOYMENT_TARGET = 9.1;
				LD_RUNPATH_SEARCH_PATHS = "$(inherited) @executable_path/Frameworks @executable_path/../../Frameworks";
				PRODUCT_BUNDLE_IDENTIFIER = com.liweiyang.AudioRandomizer.AudioRandomizerExtension;
				PRODUCT_NAME = "$(TARGET_NAME)";
				SKIP_INSTALL = YES;
				SWIFT_OBJC_BRIDGING_HEADER = "";
				SWIFT_VERSION = 3.0;
			};
			name = Debug;
		};
		1740430E1D92729400236452 /* Release */ = {
			isa = XCBuildConfiguration;
			buildSettings = {
				DEVELOPMENT_TEAM = A24MFYL5LE;
				INFOPLIST_FILE = AudioRandomizerExtension/Info.plist;
				IPHONEOS_DEPLOYMENT_TARGET = 9.1;
				LD_RUNPATH_SEARCH_PATHS = "$(inherited) @executable_path/Frameworks @executable_path/../../Frameworks";
				PRODUCT_BUNDLE_IDENTIFIER = com.liweiyang.AudioRandomizer.AudioRandomizerExtension;
				PRODUCT_NAME = "$(TARGET_NAME)";
				SKIP_INSTALL = YES;
				SWIFT_OBJC_BRIDGING_HEADER = "";
				SWIFT_VERSION = 3.0;
			};
			name = Release;
		};
/* End XCBuildConfiguration section */

/* Begin XCConfigurationList section */
		17053D0B1D96EC610098AFD0 /* Build configuration list for PBXNativeTarget "AudioRandomizerTests" */ = {
			isa = XCConfigurationList;
			buildConfigurations = (
				17053D0C1D96EC610098AFD0 /* Debug */,
				17053D0D1D96EC610098AFD0 /* Release */,
			);
			defaultConfigurationIsVisible = 0;
			defaultConfigurationName = Release;
		};
		173424991D930A6D00B168CC /* Build configuration list for PBXNativeTarget "AudioRandomizerExtensionMac" */ = {
			isa = XCConfigurationList;
			buildConfigurations = (
				173424971D930A6D00B168CC /* Debug */,
				173424981D930A6D00B168CC /* Release */,
			);
			defaultConfigurationIsVisible = 0;
			defaultConfigurationName = Release;
		};
		174042DF1D9265D100236452 /* Build configuration list for PBXProject "AudioRandomizer" */ = {
			isa = XCConfigurationList;
			buildConfigurations = (
				174042F41D9265D100236452 /* Debug */,
				174042F51D9265D100236452 /* Release */,
			);
			defaultConfigurationIsVisible = 0;
			defaultConfigurationName = Release;
		};
		174042F61D9265D100236452 /* Build configuration list for PBXNativeTarget "AudioRandomizer" */ = {
			isa = XCConfigurationList;
			buildConfigurations = (
				174042F71D9265D100236452 /* Debug */,
				174042F81D9265D100236452 /* Release */,
			);
			defaultConfigurationIsVisible = 0;
			defaultConfigurationName = Release;
		};
		1740430C1D92729400236452 /* Build configuration list for PBXNativeTarget "AudioRandomizerExtension" */ = {
			isa = XCConfigurationList;
			buildConfigurations = (
				1740430D1D92729400236452 /* Debug */,
				1740430E1D92729400236452 /* Release */,
			);
			defaultConfigurationIsVisible = 0;
			defaultConfigurationName = Release;
		};
/* End XCConfigurationList section */
	};
	rootObject = 174042DC1D9265D100236452 /* Project object */;
}
