// !$*UTF8*$!
{
	archiveVersion = 1;
	classes = {
	};
	objectVersion = 46;
	objects = {

/* Begin PBXBuildFile section */
		174042E81D9265D100236452 /* AppDelegate.swift in Sources */ = {isa = PBXBuildFile; fileRef = 174042E71D9265D100236452 /* AppDelegate.swift */; };
		174042EA1D9265D100236452 /* ViewController.swift in Sources */ = {isa = PBXBuildFile; fileRef = 174042E91D9265D100236452 /* ViewController.swift */; };
		174042ED1D9265D100236452 /* Main.storyboard in Resources */ = {isa = PBXBuildFile; fileRef = 174042EB1D9265D100236452 /* Main.storyboard */; };
		174042EF1D9265D100236452 /* Assets.xcassets in Resources */ = {isa = PBXBuildFile; fileRef = 174042EE1D9265D100236452 /* Assets.xcassets */; };
		174042F21D9265D100236452 /* LaunchScreen.storyboard in Resources */ = {isa = PBXBuildFile; fileRef = 174042F01D9265D100236452 /* LaunchScreen.storyboard */; };
/* End PBXBuildFile section */

/* Begin PBXFileReference section */
		174042E41D9265D100236452 /* AudioRandomizer.app */ = {isa = PBXFileReference; explicitFileType = wrapper.application; includeInIndex = 0; path = AudioRandomizer.app; sourceTree = BUILT_PRODUCTS_DIR; };
		174042E71D9265D100236452 /* AppDelegate.swift */ = {isa = PBXFileReference; lastKnownFileType = sourcecode.swift; path = AppDelegate.swift; sourceTree = "<group>"; };
		174042E91D9265D100236452 /* ViewController.swift */ = {isa = PBXFileReference; lastKnownFileType = sourcecode.swift; path = ViewController.swift; sourceTree = "<group>"; };
		174042EC1D9265D100236452 /* Base */ = {isa = PBXFileReference; lastKnownFileType = file.storyboard; name = Base; path = Base.lproj/Main.storyboard; sourceTree = "<group>"; };
		174042EE1D9265D100236452 /* Assets.xcassets */ = {isa = PBXFileReference; lastKnownFileType = folder.assetcatalog; path = Assets.xcassets; sourceTree = "<group>"; };
		174042F11D9265D100236452 /* Base */ = {isa = PBXFileReference; lastKnownFileType = file.storyboard; name = Base; path = Base.lproj/LaunchScreen.storyboard; sourceTree = "<group>"; };
		174042F31D9265D100236452 /* Info.plist */ = {isa = PBXFileReference; lastKnownFileType = text.plist.xml; path = Info.plist; sourceTree = "<group>"; };
/* End PBXFileReference section */

/* Begin PBXFrameworksBuildPhase section */
		174042E11D9265D100236452 /* Frameworks */ = {
			isa = PBXFrameworksBuildPhase;
			buildActionMask = 2147483647;
			files = (
			);
			runOnlyForDeploymentPostprocessing = 0;
		};
/* End PBXFrameworksBuildPhase section */

/* Begin PBXGroup section */
		174042DB1D9265D100236452 = {
			isa = PBXGroup;
			children = (
				174042E61D9265D100236452 /* AudioRandomizer */,
				174042E51D9265D100236452 /* Products */,
			);
			sourceTree = "<group>";
		};
		174042E51D9265D100236452 /* Products */ = {
			isa = PBXGroup;
			children = (
				174042E41D9265D100236452 /* AudioRandomizer.app */,
			);
			name = Products;
			sourceTree = "<group>";
		};
		174042E61D9265D100236452 /* AudioRandomizer */ = {
			isa = PBXGroup;
			children = (
				174042E71D9265D100236452 /* AppDelegate.swift */,
				174042E91D9265D100236452 /* ViewController.swift */,
				174042EB1D9265D100236452 /* Main.storyboard */,
				174042EE1D9265D100236452 /* Assets.xcassets */,
				174042F01D9265D100236452 /* LaunchScreen.storyboard */,
				174042F31D9265D100236452 /* Info.plist */,
			);
			path = AudioRandomizer;
			sourceTree = "<group>";
		};
/* End PBXGroup section */

/* Begin PBXNativeTarget section */
		174042E31D9265D100236452 /* AudioRandomizer */ = {
			isa = PBXNativeTarget;
			buildConfigurationList = 174042F61D9265D100236452 /* Build configuration list for PBXNativeTarget "AudioRandomizer" */;
			buildPhases = (
				174042E01D9265D100236452 /* Sources */,
				174042E11D9265D100236452 /* Frameworks */,
				174042E21D9265D100236452 /* Resources */,
			);
			buildRules = (
			);
			dependencies = (
			);
			name = AudioRandomizer;
			productName = AudioRandomizer;
			productReference = 174042E41D9265D100236452 /* AudioRandomizer.app */;
			productType = "com.apple.product-type.application";
		};
/* End PBXNativeTarget section */

/* Begin PBXProject section */
		174042DC1D9265D100236452 /* Project object */ = {
			isa = PBXProject;
			attributes = {
				LastSwiftUpdateCheck = 0800;
				LastUpgradeCheck = 0800;
				ORGANIZATIONNAME = leroy;
				TargetAttributes = {
					174042E31D9265D100236452 = {
						CreatedOnToolsVersion = 8.0;
						DevelopmentTeam = A24MFYL5LE;
						ProvisioningStyle = Automatic;
					};
				};
			};
			buildConfigurationList = 174042DF1D9265D100236452 /* Build configuration list for PBXProject "AudioRandomizer" */;
			compatibilityVersion = "Xcode 3.2";
			developmentRegion = English;
			hasScannedForEncodings = 0;
			knownRegions = (
				en,
				Base,
			);
			mainGroup = 174042DB1D9265D100236452;
			productRefGroup = 174042E51D9265D100236452 /* Products */;
			projectDirPath = "";
			projectRoot = "";
			targets = (
				174042E31D9265D100236452 /* AudioRandomizer */,
			);
		};
/* End PBXProject section */

/* Begin PBXResourcesBuildPhase section */
		174042E21D9265D100236452 /* Resources */ = {
			isa = PBXResourcesBuildPhase;
			buildActionMask = 2147483647;
			files = (
				174042F21D9265D100236452 /* LaunchScreen.storyboard in Resources */,
				174042EF1D9265D100236452 /* Assets.xcassets in Resources */,
				174042ED1D9265D100236452 /* Main.storyboard in Resources */,
			);
			runOnlyForDeploymentPostprocessing = 0;
		};
/* End PBXResourcesBuildPhase section */

/* Begin PBXSourcesBuildPhase section */
		174042E01D9265D100236452 /* Sources */ = {
			isa = PBXSourcesBuildPhase;
			buildActionMask = 2147483647;
			files = (
				174042EA1D9265D100236452 /* ViewController.swift in Sources */,
				174042E81D9265D100236452 /* AppDelegate.swift in Sources */,
			);
			runOnlyForDeploymentPostprocessing = 0;
		};
/* End PBXSourcesBuildPhase section */

/* Begin PBXVariantGroup section */
		174042EB1D9265D100236452 /* Main.storyboard */ = {
			isa = PBXVariantGroup;
			children = (
				174042EC1D9265D100236452 /* Base */,
			);
			name = Main.storyboard;
			sourceTree = "<group>";
		};
		174042F01D9265D100236452 /* LaunchScreen.storyboard */ = {
			isa = PBXVariantGroup;
			children = (
				174042F11D9265D100236452 /* Base */,
			);
			name = LaunchScreen.storyboard;
			sourceTree = "<group>";
		};
/* End PBXVariantGroup section */

/* Begin XCBuildConfiguration section */
		174042F41D9265D100236452 /* Debug */ = {
			isa = XCBuildConfiguration;
			buildSettings = {
				ALWAYS_SEARCH_USER_PATHS = NO;
				CLANG_ANALYZER_NONNULL = YES;
				CLANG_CXX_LANGUAGE_STANDARD = "gnu++0x";
				CLANG_CXX_LIBRARY = "libc++";
				CLANG_ENABLE_MODULES = YES;
				CLANG_ENABLE_OBJC_ARC = YES;
				CLANG_WARN_BOOL_CONVERSION = YES;
				CLANG_WARN_CONSTANT_CONVERSION = YES;
				CLANG_WARN_DIRECT_OBJC_ISA_USAGE = YES_ERROR;
				CLANG_WARN_DOCUMENTATION_COMMENTS = YES;
				CLANG_WARN_EMPTY_BODY = YES;
				CLANG_WARN_ENUM_CONVERSION = YES;
				CLANG_WARN_INFINITE_RECURSION = YES;
				CLANG_WARN_INT_CONVERSION = YES;
				CLANG_WARN_OBJC_ROOT_CLASS = YES_ERROR;
				CLANG_WARN_SUSPICIOUS_MOVES = YES;
				CLANG_WARN_UNREACHABLE_CODE = YES;
				CLANG_WARN__DUPLICATE_METHOD_MATCH = YES;
				"CODE_SIGN_IDENTITY[sdk=iphoneos*]" = "iPhone Developer";
				COPY_PHASE_STRIP = NO;
				DEBUG_INFORMATION_FORMAT = dwarf;
				ENABLE_STRICT_OBJC_MSGSEND = YES;
				ENABLE_TESTABILITY = YES;
				GCC_C_LANGUAGE_STANDARD = gnu99;
				GCC_DYNAMIC_NO_PIC = NO;
				GCC_NO_COMMON_BLOCKS = YES;
				GCC_OPTIMIZATION_LEVEL = 0;
				GCC_PREPROCESSOR_DEFINITIONS = (
					"DEBUG=1",
					"$(inherited)",
				);
				GCC_WARN_64_TO_32_BIT_CONVERSION = YES;
				GCC_WARN_ABOUT_RETURN_TYPE = YES_ERROR;
				GCC_WARN_UNDECLARED_SELECTOR = YES;
				GCC_WARN_UNINITIALIZED_AUTOS = YES_AGGRESSIVE;
				GCC_WARN_UNUSED_FUNCTION = YES;
				GCC_WARN_UNUSED_VARIABLE = YES;
				IPHONEOS_DEPLOYMENT_TARGET = 10.0;
				MTL_ENABLE_DEBUG_INFO = YES;
				ONLY_ACTIVE_ARCH = YES;
				SDKROOT = iphoneos;
				SWIFT_ACTIVE_COMPILATION_CONDITIONS = DEBUG;
				SWIFT_OPTIMIZATION_LEVEL = "-Onone";
				TARGETED_DEVICE_FAMILY = "1,2";
			};
			name = Debug;
		};
		174042F51D9265D100236452 /* Release */ = {
			isa = XCBuildConfiguration;
			buildSettings = {
				ALWAYS_SEARCH_USER_PATHS = NO;
				CLANG_ANALYZER_NONNULL = YES;
				CLANG_CXX_LANGUAGE_STANDARD = "gnu++0x";
				CLANG_CXX_LIBRARY = "libc++";
				CLANG_ENABLE_MODULES = YES;
				CLANG_ENABLE_OBJC_ARC = YES;
				CLANG_WARN_BOOL_CONVERSION = YES;
				CLANG_WARN_CONSTANT_CONVERSION = YES;
				CLANG_WARN_DIRECT_OBJC_ISA_USAGE = YES_ERROR;
				CLANG_WARN_DOCUMENTATION_COMMENTS = YES;
				CLANG_WARN_EMPTY_BODY = YES;
				CLANG_WARN_ENUM_CONVERSION = YES;
				CLANG_WARN_INFINITE_RECURSION = YES;
				CLANG_WARN_INT_CONVERSION = YES;
				CLANG_WARN_OBJC_ROOT_CLASS = YES_ERROR;
				CLANG_WARN_SUSPICIOUS_MOVES = YES;
				CLANG_WARN_UNREACHABLE_CODE = YES;
				CLANG_WARN__DUPLICATE_METHOD_MATCH = YES;
				"CODE_SIGN_IDENTITY[sdk=iphoneos*]" = "iPhone Developer";
				COPY_PHASE_STRIP = NO;
				DEBUG_INFORMATION_FORMAT = "dwarf-with-dsym";
				ENABLE_NS_ASSERTIONS = NO;
				ENABLE_STRICT_OBJC_MSGSEND = YES;
				GCC_C_LANGUAGE_STANDARD = gnu99;
				GCC_NO_COMMON_BLOCKS = YES;
				GCC_WARN_64_TO_32_BIT_CONVERSION = YES;
				GCC_WARN_ABOUT_RETURN_TYPE = YES_ERROR;
				GCC_WARN_UNDECLARED_SELECTOR = YES;
				GCC_WARN_UNINITIALIZED_AUTOS = YES_AGGRESSIVE;
				GCC_WARN_UNUSED_FUNCTION = YES;
				GCC_WARN_UNUSED_VARIABLE = YES;
				IPHONEOS_DEPLOYMENT_TARGET = 10.0;
				MTL_ENABLE_DEBUG_INFO = NO;
				SDKROOT = iphoneos;
				SWIFT_OPTIMIZATION_LEVEL = "-Owholemodule";
				TARGETED_DEVICE_FAMILY = "1,2";
				VALIDATE_PRODUCT = YES;
			};
			name = Release;
		};
		174042F71D9265D100236452 /* Debug */ = {
			isa = XCBuildConfiguration;
			buildSettings = {
				ASSETCATALOG_COMPILER_APPICON_NAME = AppIcon;
				DEVELOPMENT_TEAM = A24MFYL5LE;
				INFOPLIST_FILE = AudioRandomizer/Info.plist;
				LD_RUNPATH_SEARCH_PATHS = "$(inherited) @executable_path/Frameworks";
				PRODUCT_BUNDLE_IDENTIFIER = com.liweiyang.AudioRandomizer;
				PRODUCT_NAME = "$(TARGET_NAME)";
				SWIFT_VERSION = 3.0;
			};
			name = Debug;
		};
		174042F81D9265D100236452 /* Release */ = {
			isa = XCBuildConfiguration;
			buildSettings = {
				ASSETCATALOG_COMPILER_APPICON_NAME = AppIcon;
				DEVELOPMENT_TEAM = A24MFYL5LE;
				INFOPLIST_FILE = AudioRandomizer/Info.plist;
				LD_RUNPATH_SEARCH_PATHS = "$(inherited) @executable_path/Frameworks";
				PRODUCT_BUNDLE_IDENTIFIER = com.liweiyang.AudioRandomizer;
				PRODUCT_NAME = "$(TARGET_NAME)";
				SWIFT_VERSION = 3.0;
			};
			name = Release;
		};
/* End XCBuildConfiguration section */

/* Begin XCConfigurationList section */
		174042DF1D9265D100236452 /* Build configuration list for PBXProject "AudioRandomizer" */ = {
			isa = XCConfigurationList;
			buildConfigurations = (
				174042F41D9265D100236452 /* Debug */,
				174042F51D9265D100236452 /* Release */,
			);
			defaultConfigurationIsVisible = 0;
			defaultConfigurationName = Release;
		};
		174042F61D9265D100236452 /* Build configuration list for PBXNativeTarget "AudioRandomizer" */ = {
			isa = XCConfigurationList;
			buildConfigurations = (
				174042F71D9265D100236452 /* Debug */,
				174042F81D9265D100236452 /* Release */,
			);
			defaultConfigurationIsVisible = 0;
		};
/* End XCConfigurationList section */
	};
	rootObject = 174042DC1D9265D100236452 /* Project object */;
}
